{
  "requires": true,
  "lockfileVersion": 1,
  "dependencies": {
    "photoshop.d.ts": {
      "version": "1.0.0",
      "resolved": "https://registry.npmjs.org/photoshop.d.ts/-/photoshop.d.ts-1.0.0.tgz",
      "integrity": "sha512-bNJdjg+4ZFoxHh3ZVz1PY8Gi7r/2Xa597EsJS/ZzZCXyebvYQWNWhLuP/2iwjOf148NH7X5AF5mqrhTFxBxwoQ=="
    }
  }
}
