{
  "requires": true,
  "lockfileVersion": 1,
  "dependencies": {
    "@types/js-base64": {
      "version": "2.3.1",
      "resolved": "https://registry.npmjs.org/@types/js-base64/-/js-base64-2.3.1.tgz",
      "integrity": "sha512-4RKbhIDGC87s4EBy2Cp2/5S2O6kmCRcZnD5KRCq1q9z2GhBte1+BdsfVKCpG8yKpDGNyEE2G6IqFIh6W2YwWPA=="
    },
    "photoshop.d.ts": {
      "version": "1.0.0",
      "resolved": "https://registry.npmjs.org/photoshop.d.ts/-/photoshop.d.ts-1.0.0.tgz",
      "integrity": "sha512-bNJdjg+4ZFoxHh3ZVz1PY8Gi7r/2Xa597EsJS/ZzZCXyebvYQWNWhLuP/2iwjOf148NH7X5AF5mqrhTFxBxwoQ=="
    }
  }
}
