# THIS IS AN AUTOGENERATED FILE. DO NOT EDIT THIS FILE DIRECTLY.
# yarn lockfile v1


photoshop.d.ts@^1.0.0:
  version "1.0.0"
  resolved "https://registry.npm.taobao.org/photoshop.d.ts/download/photoshop.d.ts-1.0.0.tgz#40c8b0701a4ffb492a5b3421e46146f3560a6170"
  integrity sha1-QMiwcBpP+0kqWzQh5GFG81YKYXA=
